// !$*UTF8*$!
{
	archiveVersion = 1;
	classes = {
	};
	objectVersion = 56;
	objects = {

/* Begin PBXBuildFile section */
		531F861C2A8C0414006ACEF5 /* ChowliApp.swift in Sources */ = {isa = PBXBuildFile; fileRef = 531F861B2A8C0414006ACEF5 /* ChowliApp.swift */; };
		531F861E2A8C0414006ACEF5 /* ContentView.swift in Sources */ = {isa = PBXBuildFile; fileRef = 531F861D2A8C0414006ACEF5 /* ContentView.swift */; };
		531F86202A8C0415006ACEF5 /* Assets.xcassets in Resources */ = {isa = PBXBuildFile; fileRef = 531F861F2A8C0415006ACEF5 /* Assets.xcassets */; };
		531F86232A8C0415006ACEF5 /* Preview Assets.xcassets in Resources */ = {isa = PBXBuildFile; fileRef = 531F86222A8C0415006ACEF5 /* Preview Assets.xcassets */; };
		531F862B2A8C0823006ACEF5 /* Chowli.xcdatamodeld in Sources */ = {isa = PBXBuildFile; fileRef = 531F86292A8C0823006ACEF5 /* Chowli.xcdatamodeld */; };
		531F863D2A8C0BB4006ACEF5 /* DataController.swift in Sources */ = {isa = PBXBuildFile; fileRef = 531F863C2A8C0BB4006ACEF5 /* DataController.swift */; };
		531F86412A8C0CC7006ACEF5 /* Location.swift in Sources */ = {isa = PBXBuildFile; fileRef = 531F86402A8C0CC7006ACEF5 /* Location.swift */; };
		531F86462A8C20C8006ACEF5 /* CachedLocation+CoreDataClass.swift in Sources */ = {isa = PBXBuildFile; fileRef = 531F86442A8C20C8006ACEF5 /* CachedLocation+CoreDataClass.swift */; };
		531F86472A8C20C8006ACEF5 /* CachedLocation+CoreDataProperties.swift in Sources */ = {isa = PBXBuildFile; fileRef = 531F86452A8C20C8006ACEF5 /* CachedLocation+CoreDataProperties.swift */; };
		531F86492A8C221B006ACEF5 /* DataManager.swift in Sources */ = {isa = PBXBuildFile; fileRef = 531F86482A8C221B006ACEF5 /* DataManager.swift */; };
		531F864D2A8C2685006ACEF5 /* Profile.swift in Sources */ = {isa = PBXBuildFile; fileRef = 531F864C2A8C2685006ACEF5 /* Profile.swift */; };
		531F86552A8C3923006ACEF5 /* UserMapView.swift in Sources */ = {isa = PBXBuildFile; fileRef = 531F86542A8C3923006ACEF5 /* UserMapView.swift */; };
		531F86592A8C64AB006ACEF5 /* LocationEditorSheet.swift in Sources */ = {isa = PBXBuildFile; fileRef = 531F86582A8C64AB006ACEF5 /* LocationEditorSheet.swift */; };
		531F865B2A8C666B006ACEF5 /* RatingView.swift in Sources */ = {isa = PBXBuildFile; fileRef = 531F865A2A8C666B006ACEF5 /* RatingView.swift */; };
		531F865F2A8C7627006ACEF5 /* RestaurantsVisitedView.swift in Sources */ = {isa = PBXBuildFile; fileRef = 531F865E2A8C7627006ACEF5 /* RestaurantsVisitedView.swift */; };
		531F86612A8C83E1006ACEF5 /* RestaurantDetailView.swift in Sources */ = {isa = PBXBuildFile; fileRef = 531F86602A8C83E1006ACEF5 /* RestaurantDetailView.swift */; };
		531F86652A8DA1AB006ACEF5 /* MapSearchView.swift in Sources */ = {isa = PBXBuildFile; fileRef = 531F86642A8DA1AB006ACEF5 /* MapSearchView.swift */; };
		531F866F2A8DB795006ACEF5 /* LocationManager.swift in Sources */ = {isa = PBXBuildFile; fileRef = 531F866E2A8DB795006ACEF5 /* LocationManager.swift */; };
		531F86712A8DB917006ACEF5 /* MKCoordinateRegion-Extension.swift in Sources */ = {isa = PBXBuildFile; fileRef = 531F86702A8DB917006ACEF5 /* MKCoordinateRegion-Extension.swift */; };
		531F86732A8DBB5F006ACEF5 /* LocalSearchService.swift in Sources */ = {isa = PBXBuildFile; fileRef = 531F86722A8DBB5F006ACEF5 /* LocalSearchService.swift */; };
		531F86752A8DBCF7006ACEF5 /* Landmark.swift in Sources */ = {isa = PBXBuildFile; fileRef = 531F86742A8DBCF7006ACEF5 /* Landmark.swift */; };
		5376C6DE2A9121FD00883516 /* LandmarkSheetView.swift in Sources */ = {isa = PBXBuildFile; fileRef = 5376C6DD2A9121FD00883516 /* LandmarkSheetView.swift */; };
		538A92302AC0A1D200EDE2D2 /* LocationEditorSheetBound.swift in Sources */ = {isa = PBXBuildFile; fileRef = 538A922F2AC0A1D200EDE2D2 /* LocationEditorSheetBound.swift */; };
		538A92322AC0D22C00EDE2D2 /* MapSearchView-ViewModel.swift in Sources */ = {isa = PBXBuildFile; fileRef = 538A92312AC0D22C00EDE2D2 /* MapSearchView-ViewModel.swift */; };
		5392832E2AAFAE0900C8CF2C /* LocationEditorSheet-ViewModel.swift in Sources */ = {isa = PBXBuildFile; fileRef = 5392832D2AAFAE0900C8CF2C /* LocationEditorSheet-ViewModel.swift */; };
		539283302AB0BC7D00C8CF2C /* RestaurantDetailView-ViewModel.swift in Sources */ = {isa = PBXBuildFile; fileRef = 5392832F2AB0BC7D00C8CF2C /* RestaurantDetailView-ViewModel.swift */; };
/* End PBXBuildFile section */

/* Begin PBXFileReference section */
		531F86182A8C0414006ACEF5 /* Chowli.app */ = {isa = PBXFileReference; explicitFileType = wrapper.application; includeInIndex = 0; path = Chowli.app; sourceTree = BUILT_PRODUCTS_DIR; };
		531F861B2A8C0414006ACEF5 /* ChowliApp.swift */ = {isa = PBXFileReference; lastKnownFileType = sourcecode.swift; path = ChowliApp.swift; sourceTree = "<group>"; };
		531F861D2A8C0414006ACEF5 /* ContentView.swift */ = {isa = PBXFileReference; lastKnownFileType = sourcecode.swift; path = ContentView.swift; sourceTree = "<group>"; };
		531F861F2A8C0415006ACEF5 /* Assets.xcassets */ = {isa = PBXFileReference; lastKnownFileType = folder.assetcatalog; path = Assets.xcassets; sourceTree = "<group>"; };
		531F86222A8C0415006ACEF5 /* Preview Assets.xcassets */ = {isa = PBXFileReference; lastKnownFileType = folder.assetcatalog; path = "Preview Assets.xcassets"; sourceTree = "<group>"; };
		531F862A2A8C0823006ACEF5 /* Chowli.xcdatamodel */ = {isa = PBXFileReference; lastKnownFileType = wrapper.xcdatamodel; path = Chowli.xcdatamodel; sourceTree = "<group>"; };
		531F863C2A8C0BB4006ACEF5 /* DataController.swift */ = {isa = PBXFileReference; lastKnownFileType = sourcecode.swift; path = DataController.swift; sourceTree = "<group>"; };
		531F86402A8C0CC7006ACEF5 /* Location.swift */ = {isa = PBXFileReference; lastKnownFileType = sourcecode.swift; path = Location.swift; sourceTree = "<group>"; };
		531F86442A8C20C8006ACEF5 /* CachedLocation+CoreDataClass.swift */ = {isa = PBXFileReference; lastKnownFileType = sourcecode.swift; path = "CachedLocation+CoreDataClass.swift"; sourceTree = "<group>"; };
		531F86452A8C20C8006ACEF5 /* CachedLocation+CoreDataProperties.swift */ = {isa = PBXFileReference; lastKnownFileType = sourcecode.swift; path = "CachedLocation+CoreDataProperties.swift"; sourceTree = "<group>"; };
		531F86482A8C221B006ACEF5 /* DataManager.swift */ = {isa = PBXFileReference; lastKnownFileType = sourcecode.swift; path = DataManager.swift; sourceTree = "<group>"; };
		531F864C2A8C2685006ACEF5 /* Profile.swift */ = {isa = PBXFileReference; lastKnownFileType = sourcecode.swift; path = Profile.swift; sourceTree = "<group>"; };
		531F86542A8C3923006ACEF5 /* UserMapView.swift */ = {isa = PBXFileReference; lastKnownFileType = sourcecode.swift; path = UserMapView.swift; sourceTree = "<group>"; };
		531F86582A8C64AB006ACEF5 /* LocationEditorSheet.swift */ = {isa = PBXFileReference; lastKnownFileType = sourcecode.swift; path = LocationEditorSheet.swift; sourceTree = "<group>"; };
		531F865A2A8C666B006ACEF5 /* RatingView.swift */ = {isa = PBXFileReference; lastKnownFileType = sourcecode.swift; path = RatingView.swift; sourceTree = "<group>"; };
		531F865E2A8C7627006ACEF5 /* RestaurantsVisitedView.swift */ = {isa = PBXFileReference; lastKnownFileType = sourcecode.swift; path = RestaurantsVisitedView.swift; sourceTree = "<group>"; };
		531F86602A8C83E1006ACEF5 /* RestaurantDetailView.swift */ = {isa = PBXFileReference; lastKnownFileType = sourcecode.swift; path = RestaurantDetailView.swift; sourceTree = "<group>"; };
		531F86642A8DA1AB006ACEF5 /* MapSearchView.swift */ = {isa = PBXFileReference; lastKnownFileType = sourcecode.swift; path = MapSearchView.swift; sourceTree = "<group>"; };
		531F866E2A8DB795006ACEF5 /* LocationManager.swift */ = {isa = PBXFileReference; lastKnownFileType = sourcecode.swift; path = LocationManager.swift; sourceTree = "<group>"; };
		531F86702A8DB917006ACEF5 /* MKCoordinateRegion-Extension.swift */ = {isa = PBXFileReference; lastKnownFileType = sourcecode.swift; path = "MKCoordinateRegion-Extension.swift"; sourceTree = "<group>"; };
		531F86722A8DBB5F006ACEF5 /* LocalSearchService.swift */ = {isa = PBXFileReference; lastKnownFileType = sourcecode.swift; path = LocalSearchService.swift; sourceTree = "<group>"; };
		531F86742A8DBCF7006ACEF5 /* Landmark.swift */ = {isa = PBXFileReference; lastKnownFileType = sourcecode.swift; path = Landmark.swift; sourceTree = "<group>"; };
		5376C6DD2A9121FD00883516 /* LandmarkSheetView.swift */ = {isa = PBXFileReference; lastKnownFileType = sourcecode.swift; path = LandmarkSheetView.swift; sourceTree = "<group>"; };
		538A922F2AC0A1D200EDE2D2 /* LocationEditorSheetBound.swift */ = {isa = PBXFileReference; lastKnownFileType = sourcecode.swift; path = LocationEditorSheetBound.swift; sourceTree = "<group>"; };
		538A92312AC0D22C00EDE2D2 /* MapSearchView-ViewModel.swift */ = {isa = PBXFileReference; lastKnownFileType = sourcecode.swift; path = "MapSearchView-ViewModel.swift"; sourceTree = "<group>"; };
		5392832D2AAFAE0900C8CF2C /* LocationEditorSheet-ViewModel.swift */ = {isa = PBXFileReference; lastKnownFileType = sourcecode.swift; name = "LocationEditorSheet-ViewModel.swift"; path = "Chowli/ViewModel/LocationEditorSheet-ViewModel.swift"; sourceTree = SOURCE_ROOT; };
		5392832F2AB0BC7D00C8CF2C /* RestaurantDetailView-ViewModel.swift */ = {isa = PBXFileReference; lastKnownFileType = sourcecode.swift; path = "RestaurantDetailView-ViewModel.swift"; sourceTree = "<group>"; };
/* End PBXFileReference section */

/* Begin PBXFrameworksBuildPhase section */
		531F86152A8C0414006ACEF5 /* Frameworks */ = {
			isa = PBXFrameworksBuildPhase;
			buildActionMask = 2147483647;
			files = (
			);
			runOnlyForDeploymentPostprocessing = 0;
		};
/* End PBXFrameworksBuildPhase section */

/* Begin PBXGroup section */
		531F860F2A8C0413006ACEF5 = {
			isa = PBXGroup;
			children = (
				531F861A2A8C0414006ACEF5 /* Chowli */,
				531F86192A8C0414006ACEF5 /* Products */,
			);
			sourceTree = "<group>";
		};
		531F86192A8C0414006ACEF5 /* Products */ = {
			isa = PBXGroup;
			children = (
				531F86182A8C0414006ACEF5 /* Chowli.app */,
			);
			name = Products;
			sourceTree = "<group>";
		};
		531F861A2A8C0414006ACEF5 /* Chowli */ = {
			isa = PBXGroup;
			children = (
				5392832C2AAFAD2B00C8CF2C /* ViewModel */,
				531F867C2A8FCA1F006ACEF5 /* Model */,
				531F867B2A8FC9FC006ACEF5 /* View */,
				531F867F2A8FCAF1006ACEF5 /* Extensions */,
				531F867E2A8FCAD9006ACEF5 /* CoreData */,
				531F867D2A8FCA6C006ACEF5 /* Managers */,
				531F861B2A8C0414006ACEF5 /* ChowliApp.swift */,
				531F861F2A8C0415006ACEF5 /* Assets.xcassets */,
				531F86212A8C0415006ACEF5 /* Preview Content */,
			);
			path = Chowli;
			sourceTree = "<group>";
		};
		531F86212A8C0415006ACEF5 /* Preview Content */ = {
			isa = PBXGroup;
			children = (
				531F86222A8C0415006ACEF5 /* Preview Assets.xcassets */,
			);
			path = "Preview Content";
			sourceTree = "<group>";
		};
		531F867B2A8FC9FC006ACEF5 /* View */ = {
			isa = PBXGroup;
			children = (
				531F861D2A8C0414006ACEF5 /* ContentView.swift */,
				531F86542A8C3923006ACEF5 /* UserMapView.swift */,
				531F86642A8DA1AB006ACEF5 /* MapSearchView.swift */,
				531F865E2A8C7627006ACEF5 /* RestaurantsVisitedView.swift */,
				531F86582A8C64AB006ACEF5 /* LocationEditorSheet.swift */,
				538A922F2AC0A1D200EDE2D2 /* LocationEditorSheetBound.swift */,
				531F86602A8C83E1006ACEF5 /* RestaurantDetailView.swift */,
				531F865A2A8C666B006ACEF5 /* RatingView.swift */,
				5376C6DD2A9121FD00883516 /* LandmarkSheetView.swift */,
			);
			path = View;
			sourceTree = "<group>";
		};
		531F867C2A8FCA1F006ACEF5 /* Model */ = {
			isa = PBXGroup;
			children = (
				531F864C2A8C2685006ACEF5 /* Profile.swift */,
				531F86402A8C0CC7006ACEF5 /* Location.swift */,
				531F86742A8DBCF7006ACEF5 /* Landmark.swift */,
			);
			path = Model;
			sourceTree = "<group>";
		};
		531F867D2A8FCA6C006ACEF5 /* Managers */ = {
			isa = PBXGroup;
			children = (
				531F86722A8DBB5F006ACEF5 /* LocalSearchService.swift */,
				531F86482A8C221B006ACEF5 /* DataManager.swift */,
				531F866E2A8DB795006ACEF5 /* LocationManager.swift */,
			);
			path = Managers;
			sourceTree = "<group>";
		};
		531F867E2A8FCAD9006ACEF5 /* CoreData */ = {
			isa = PBXGroup;
			children = (
				531F863C2A8C0BB4006ACEF5 /* DataController.swift */,
				531F86442A8C20C8006ACEF5 /* CachedLocation+CoreDataClass.swift */,
				531F86452A8C20C8006ACEF5 /* CachedLocation+CoreDataProperties.swift */,
				531F86292A8C0823006ACEF5 /* Chowli.xcdatamodeld */,
			);
			path = CoreData;
			sourceTree = "<group>";
		};
		531F867F2A8FCAF1006ACEF5 /* Extensions */ = {
			isa = PBXGroup;
			children = (
				531F86702A8DB917006ACEF5 /* MKCoordinateRegion-Extension.swift */,
			);
			path = Extensions;
			sourceTree = "<group>";
		};
		5392832C2AAFAD2B00C8CF2C /* ViewModel */ = {
			isa = PBXGroup;
			children = (
				538A92312AC0D22C00EDE2D2 /* MapSearchView-ViewModel.swift */,
				5392832F2AB0BC7D00C8CF2C /* RestaurantDetailView-ViewModel.swift */,
				5392832D2AAFAE0900C8CF2C /* LocationEditorSheet-ViewModel.swift */,
			);
			path = ViewModel;
			sourceTree = "<group>";
		};
/* End PBXGroup section */

/* Begin PBXNativeTarget section */
		531F86172A8C0414006ACEF5 /* Chowli */ = {
			isa = PBXNativeTarget;
			buildConfigurationList = 531F86262A8C0415006ACEF5 /* Build configuration list for PBXNativeTarget "Chowli" */;
			buildPhases = (
				531F86142A8C0414006ACEF5 /* Sources */,
				531F86152A8C0414006ACEF5 /* Frameworks */,
				531F86162A8C0414006ACEF5 /* Resources */,
			);
			buildRules = (
			);
			dependencies = (
			);
			name = Chowli;
			productName = Chowli;
			productReference = 531F86182A8C0414006ACEF5 /* Chowli.app */;
			productType = "com.apple.product-type.application";
		};
/* End PBXNativeTarget section */

/* Begin PBXProject section */
		531F86102A8C0413006ACEF5 /* Project object */ = {
			isa = PBXProject;
			attributes = {
				BuildIndependentTargetsInParallel = 1;
				LastSwiftUpdateCheck = 1430;
				LastUpgradeCheck = 1500;
				TargetAttributes = {
					531F86172A8C0414006ACEF5 = {
						CreatedOnToolsVersion = 14.3.1;
					};
				};
			};
			buildConfigurationList = 531F86132A8C0413006ACEF5 /* Build configuration list for PBXProject "Chowli" */;
			compatibilityVersion = "Xcode 14.0";
			developmentRegion = en;
			hasScannedForEncodings = 0;
			knownRegions = (
				en,
				Base,
			);
			mainGroup = 531F860F2A8C0413006ACEF5;
			productRefGroup = 531F86192A8C0414006ACEF5 /* Products */;
			projectDirPath = "";
			projectRoot = "";
			targets = (
				531F86172A8C0414006ACEF5 /* Chowli */,
			);
		};
/* End PBXProject section */

/* Begin PBXResourcesBuildPhase section */
		531F86162A8C0414006ACEF5 /* Resources */ = {
			isa = PBXResourcesBuildPhase;
			buildActionMask = 2147483647;
			files = (
				531F86232A8C0415006ACEF5 /* Preview Assets.xcassets in Resources */,
				531F86202A8C0415006ACEF5 /* Assets.xcassets in Resources */,
			);
			runOnlyForDeploymentPostprocessing = 0;
		};
/* End PBXResourcesBuildPhase section */

/* Begin PBXSourcesBuildPhase section */
		531F86142A8C0414006ACEF5 /* Sources */ = {
			isa = PBXSourcesBuildPhase;
			buildActionMask = 2147483647;
			files = (
				538A92322AC0D22C00EDE2D2 /* MapSearchView-ViewModel.swift in Sources */,
				531F861E2A8C0414006ACEF5 /* ContentView.swift in Sources */,
				539283302AB0BC7D00C8CF2C /* RestaurantDetailView-ViewModel.swift in Sources */,
				531F86752A8DBCF7006ACEF5 /* Landmark.swift in Sources */,
				531F864D2A8C2685006ACEF5 /* Profile.swift in Sources */,
				531F86412A8C0CC7006ACEF5 /* Location.swift in Sources */,
				531F86552A8C3923006ACEF5 /* UserMapView.swift in Sources */,
				531F86732A8DBB5F006ACEF5 /* LocalSearchService.swift in Sources */,
				531F86592A8C64AB006ACEF5 /* LocationEditorSheet.swift in Sources */,
				5376C6DE2A9121FD00883516 /* LandmarkSheetView.swift in Sources */,
				531F86652A8DA1AB006ACEF5 /* MapSearchView.swift in Sources */,
				5392832E2AAFAE0900C8CF2C /* LocationEditorSheet-ViewModel.swift in Sources */,
				531F861C2A8C0414006ACEF5 /* ChowliApp.swift in Sources */,
				531F863D2A8C0BB4006ACEF5 /* DataController.swift in Sources */,
				531F862B2A8C0823006ACEF5 /* Chowli.xcdatamodeld in Sources */,
				531F86712A8DB917006ACEF5 /* MKCoordinateRegion-Extension.swift in Sources */,
				531F865F2A8C7627006ACEF5 /* RestaurantsVisitedView.swift in Sources */,
				531F86472A8C20C8006ACEF5 /* CachedLocation+CoreDataProperties.swift in Sources */,
				531F865B2A8C666B006ACEF5 /* RatingView.swift in Sources */,
				531F86612A8C83E1006ACEF5 /* RestaurantDetailView.swift in Sources */,
				531F86492A8C221B006ACEF5 /* DataManager.swift in Sources */,
				538A92302AC0A1D200EDE2D2 /* LocationEditorSheetBound.swift in Sources */,
				531F866F2A8DB795006ACEF5 /* LocationManager.swift in Sources */,
				531F86462A8C20C8006ACEF5 /* CachedLocation+CoreDataClass.swift in Sources */,
			);
			runOnlyForDeploymentPostprocessing = 0;
		};
/* End PBXSourcesBuildPhase section */

/* Begin XCBuildConfiguration section */
		531F86242A8C0415006ACEF5 /* Debug */ = {
			isa = XCBuildConfiguration;
			buildSettings = {
				ALWAYS_SEARCH_USER_PATHS = NO;
				CLANG_ANALYZER_NONNULL = YES;
				CLANG_ANALYZER_NUMBER_OBJECT_CONVERSION = YES_AGGRESSIVE;
				CLANG_CXX_LANGUAGE_STANDARD = "gnu++20";
				CLANG_ENABLE_MODULES = YES;
				CLANG_ENABLE_OBJC_ARC = YES;
				CLANG_ENABLE_OBJC_WEAK = YES;
				CLANG_WARN_BLOCK_CAPTURE_AUTORELEASING = YES;
				CLANG_WARN_BOOL_CONVERSION = YES;
				CLANG_WARN_COMMA = YES;
				CLANG_WARN_CONSTANT_CONVERSION = YES;
				CLANG_WARN_DEPRECATED_OBJC_IMPLEMENTATIONS = YES;
				CLANG_WARN_DIRECT_OBJC_ISA_USAGE = YES_ERROR;
				CLANG_WARN_DOCUMENTATION_COMMENTS = YES;
				CLANG_WARN_EMPTY_BODY = YES;
				CLANG_WARN_ENUM_CONVERSION = YES;
				CLANG_WARN_INFINITE_RECURSION = YES;
				CLANG_WARN_INT_CONVERSION = YES;
				CLANG_WARN_NON_LITERAL_NULL_CONVERSION = YES;
				CLANG_WARN_OBJC_IMPLICIT_RETAIN_SELF = YES;
				CLANG_WARN_OBJC_LITERAL_CONVERSION = YES;
				CLANG_WARN_OBJC_ROOT_CLASS = YES_ERROR;
				CLANG_WARN_QUOTED_INCLUDE_IN_FRAMEWORK_HEADER = YES;
				CLANG_WARN_RANGE_LOOP_ANALYSIS = YES;
				CLANG_WARN_STRICT_PROTOTYPES = YES;
				CLANG_WARN_SUSPICIOUS_MOVE = YES;
				CLANG_WARN_UNGUARDED_AVAILABILITY = YES_AGGRESSIVE;
				CLANG_WARN_UNREACHABLE_CODE = YES;
				CLANG_WARN__DUPLICATE_METHOD_MATCH = YES;
				COPY_PHASE_STRIP = NO;
				DEBUG_INFORMATION_FORMAT = dwarf;
				ENABLE_STRICT_OBJC_MSGSEND = YES;
				ENABLE_TESTABILITY = YES;
				ENABLE_USER_SCRIPT_SANDBOXING = YES;
				GCC_C_LANGUAGE_STANDARD = gnu11;
				GCC_DYNAMIC_NO_PIC = NO;
				GCC_NO_COMMON_BLOCKS = YES;
				GCC_OPTIMIZATION_LEVEL = 0;
				GCC_PREPROCESSOR_DEFINITIONS = (
					"DEBUG=1",
					"$(inherited)",
				);
				GCC_WARN_64_TO_32_BIT_CONVERSION = YES;
				GCC_WARN_ABOUT_RETURN_TYPE = YES_ERROR;
				GCC_WARN_UNDECLARED_SELECTOR = YES;
				GCC_WARN_UNINITIALIZED_AUTOS = YES_AGGRESSIVE;
				GCC_WARN_UNUSED_FUNCTION = YES;
				GCC_WARN_UNUSED_VARIABLE = YES;
				IPHONEOS_DEPLOYMENT_TARGET = 16.4;
				MTL_ENABLE_DEBUG_INFO = INCLUDE_SOURCE;
				MTL_FAST_MATH = YES;
				ONLY_ACTIVE_ARCH = YES;
				SDKROOT = iphoneos;
				SWIFT_ACTIVE_COMPILATION_CONDITIONS = DEBUG;
				SWIFT_OPTIMIZATION_LEVEL = "-Onone";
			};
			name = Debug;
		};
		531F86252A8C0415006ACEF5 /* Release */ = {
			isa = XCBuildConfiguration;
			buildSettings = {
				ALWAYS_SEARCH_USER_PATHS = NO;
				CLANG_ANALYZER_NONNULL = YES;
				CLANG_ANALYZER_NUMBER_OBJECT_CONVERSION = YES_AGGRESSIVE;
				CLANG_CXX_LANGUAGE_STANDARD = "gnu++20";
				CLANG_ENABLE_MODULES = YES;
				CLANG_ENABLE_OBJC_ARC = YES;
				CLANG_ENABLE_OBJC_WEAK = YES;
				CLANG_WARN_BLOCK_CAPTURE_AUTORELEASING = YES;
				CLANG_WARN_BOOL_CONVERSION = YES;
				CLANG_WARN_COMMA = YES;
				CLANG_WARN_CONSTANT_CONVERSION = YES;
				CLANG_WARN_DEPRECATED_OBJC_IMPLEMENTATIONS = YES;
				CLANG_WARN_DIRECT_OBJC_ISA_USAGE = YES_ERROR;
				CLANG_WARN_DOCUMENTATION_COMMENTS = YES;
				CLANG_WARN_EMPTY_BODY = YES;
				CLANG_WARN_ENUM_CONVERSION = YES;
				CLANG_WARN_INFINITE_RECURSION = YES;
				CLANG_WARN_INT_CONVERSION = YES;
				CLANG_WARN_NON_LITERAL_NULL_CONVERSION = YES;
				CLANG_WARN_OBJC_IMPLICIT_RETAIN_SELF = YES;
				CLANG_WARN_OBJC_LITERAL_CONVERSION = YES;
				CLANG_WARN_OBJC_ROOT_CLASS = YES_ERROR;
				CLANG_WARN_QUOTED_INCLUDE_IN_FRAMEWORK_HEADER = YES;
				CLANG_WARN_RANGE_LOOP_ANALYSIS = YES;
				CLANG_WARN_STRICT_PROTOTYPES = YES;
				CLANG_WARN_SUSPICIOUS_MOVE = YES;
				CLANG_WARN_UNGUARDED_AVAILABILITY = YES_AGGRESSIVE;
				CLANG_WARN_UNREACHABLE_CODE = YES;
				CLANG_WARN__DUPLICATE_METHOD_MATCH = YES;
				COPY_PHASE_STRIP = NO;
				DEBUG_INFORMATION_FORMAT = "dwarf-with-dsym";
				ENABLE_NS_ASSERTIONS = NO;
				ENABLE_STRICT_OBJC_MSGSEND = YES;
				ENABLE_USER_SCRIPT_SANDBOXING = YES;
				GCC_C_LANGUAGE_STANDARD = gnu11;
				GCC_NO_COMMON_BLOCKS = YES;
				GCC_WARN_64_TO_32_BIT_CONVERSION = YES;
				GCC_WARN_ABOUT_RETURN_TYPE = YES_ERROR;
				GCC_WARN_UNDECLARED_SELECTOR = YES;
				GCC_WARN_UNINITIALIZED_AUTOS = YES_AGGRESSIVE;
				GCC_WARN_UNUSED_FUNCTION = YES;
				GCC_WARN_UNUSED_VARIABLE = YES;
				IPHONEOS_DEPLOYMENT_TARGET = 16.4;
				MTL_ENABLE_DEBUG_INFO = NO;
				MTL_FAST_MATH = YES;
				SDKROOT = iphoneos;
				SWIFT_COMPILATION_MODE = wholemodule;
				SWIFT_OPTIMIZATION_LEVEL = "-O";
				VALIDATE_PRODUCT = YES;
			};
			name = Release;
		};
		531F86272A8C0415006ACEF5 /* Debug */ = {
			isa = XCBuildConfiguration;
			buildSettings = {
				ASSETCATALOG_COMPILER_APPICON_NAME = AppIcon;
				ASSETCATALOG_COMPILER_GLOBAL_ACCENT_COLOR_NAME = AccentColor;
				CODE_SIGN_STYLE = Automatic;
				CURRENT_PROJECT_VERSION = 1;
				DEVELOPMENT_ASSET_PATHS = "\"Chowli/Preview Content\"";
				DEVELOPMENT_TEAM = DBYWJ3A7P9;
				ENABLE_PREVIEWS = YES;
				GENERATE_INFOPLIST_FILE = YES;
				INFOPLIST_KEY_NSLocationAlwaysAndWhenInUseUsageDescription = "This app requires your location to find nearby restaurants";
				INFOPLIST_KEY_NSLocationWhenInUseUsageDescription = "This app requires your location to find nearby restaurants";
				INFOPLIST_KEY_UIApplicationSceneManifest_Generation = YES;
				INFOPLIST_KEY_UIApplicationSupportsIndirectInputEvents = YES;
				INFOPLIST_KEY_UILaunchScreen_Generation = YES;
				INFOPLIST_KEY_UISupportedInterfaceOrientations_iPad = "UIInterfaceOrientationPortrait UIInterfaceOrientationPortraitUpsideDown UIInterfaceOrientationLandscapeLeft UIInterfaceOrientationLandscapeRight";
				INFOPLIST_KEY_UISupportedInterfaceOrientations_iPhone = "UIInterfaceOrientationPortrait UIInterfaceOrientationLandscapeLeft UIInterfaceOrientationLandscapeRight";
				LD_RUNPATH_SEARCH_PATHS = (
					"$(inherited)",
					"@executable_path/Frameworks",
				);
				MARKETING_VERSION = 1.0;
				PRODUCT_BUNDLE_IDENTIFIER = me.freddo.alexander.Chowli;
				PRODUCT_NAME = "$(TARGET_NAME)";
				SWIFT_EMIT_LOC_STRINGS = YES;
				SWIFT_VERSION = 5.0;
				TARGETED_DEVICE_FAMILY = "1,2";
			};
			name = Debug;
		};
		531F86282A8C0415006ACEF5 /* Release */ = {
			isa = XCBuildConfiguration;
			buildSettings = {
				ASSETCATALOG_COMPILER_APPICON_NAME = AppIcon;
				ASSETCATALOG_COMPILER_GLOBAL_ACCENT_COLOR_NAME = AccentColor;
				CODE_SIGN_STYLE = Automatic;
				CURRENT_PROJECT_VERSION = 1;
				DEVELOPMENT_ASSET_PATHS = "\"Chowli/Preview Content\"";
				DEVELOPMENT_TEAM = DBYWJ3A7P9;
				ENABLE_PREVIEWS = YES;
				GENERATE_INFOPLIST_FILE = YES;
				INFOPLIST_KEY_NSLocationAlwaysAndWhenInUseUsageDescription = "This app requires your location to find nearby restaurants";
				INFOPLIST_KEY_NSLocationWhenInUseUsageDescription = "This app requires your location to find nearby restaurants";
				INFOPLIST_KEY_UIApplicationSceneManifest_Generation = YES;
				INFOPLIST_KEY_UIApplicationSupportsIndirectInputEvents = YES;
				INFOPLIST_KEY_UILaunchScreen_Generation = YES;
				INFOPLIST_KEY_UISupportedInterfaceOrientations_iPad = "UIInterfaceOrientationPortrait UIInterfaceOrientationPortraitUpsideDown UIInterfaceOrientationLandscapeLeft UIInterfaceOrientationLandscapeRight";
				INFOPLIST_KEY_UISupportedInterfaceOrientations_iPhone = "UIInterfaceOrientationPortrait UIInterfaceOrientationLandscapeLeft UIInterfaceOrientationLandscapeRight";
				LD_RUNPATH_SEARCH_PATHS = (
					"$(inherited)",
					"@executable_path/Frameworks",
				);
				MARKETING_VERSION = 1.0;
				PRODUCT_BUNDLE_IDENTIFIER = me.freddo.alexander.Chowli;
				PRODUCT_NAME = "$(TARGET_NAME)";
				SWIFT_EMIT_LOC_STRINGS = YES;
				SWIFT_VERSION = 5.0;
				TARGETED_DEVICE_FAMILY = "1,2";
			};
			name = Release;
		};
/* End XCBuildConfiguration section */

/* Begin XCConfigurationList section */
		531F86132A8C0413006ACEF5 /* Build configuration list for PBXProject "Chowli" */ = {
			isa = XCConfigurationList;
			buildConfigurations = (
				531F86242A8C0415006ACEF5 /* Debug */,
				531F86252A8C0415006ACEF5 /* Release */,
			);
			defaultConfigurationIsVisible = 0;
			defaultConfigurationName = Release;
		};
		531F86262A8C0415006ACEF5 /* Build configuration list for PBXNativeTarget "Chowli" */ = {
			isa = XCConfigurationList;
			buildConfigurations = (
				531F86272A8C0415006ACEF5 /* Debug */,
				531F86282A8C0415006ACEF5 /* Release */,
			);
			defaultConfigurationIsVisible = 0;
			defaultConfigurationName = Release;
		};
/* End XCConfigurationList section */

/* Begin XCVersionGroup section */
		531F86292A8C0823006ACEF5 /* Chowli.xcdatamodeld */ = {
			isa = XCVersionGroup;
			children = (
				531F862A2A8C0823006ACEF5 /* Chowli.xcdatamodel */,
			);
			currentVersion = 531F862A2A8C0823006ACEF5 /* Chowli.xcdatamodel */;
			path = Chowli.xcdatamodeld;
			sourceTree = "<group>";
			versionGroupType = wrapper.xcdatamodel;
		};
/* End XCVersionGroup section */
	};
	rootObject = 531F86102A8C0413006ACEF5 /* Project object */;
}
